
Microsoft Visual Studio Solution File, Format Version 12.00
# Visual Studio Version 17
VisualStudioVersion = 17.11.35327.3
MinimumVisualStudioVersion = 10.0.40219.1
Project("{888888A0-9F3D-457C-B088-3A5042F75D52}") = "sumatoria_numeros_py", "sumatoria_numeros_py\sumatoria_numeros_py.pyproj", "{F988D9C6-265B-425B-B367-AB9840DFCC1E}"
EndProject
Global
	GlobalSection(SolutionConfigurationPlatforms) = preSolution
		Debug|Any CPU = Debug|Any CPU
		Release|Any CPU = Release|Any CPU
	EndGlobalSection
	GlobalSection(ProjectConfigurationPlatforms) = postSolution
		{F988D9C6-265B-425B-B367-AB9840DFCC1E}.Debug|Any CPU.ActiveCfg = Debug|Any CPU
		{F988D9C6-265B-425B-B367-AB9840DFCC1E}.Release|Any CPU.ActiveCfg = Release|Any CPU
	EndGlobalSection
	GlobalSection(SolutionProperties) = preSolution
		HideSolutionNode = FALSE
	EndGlobalSection
	GlobalSection(ExtensibilityGlobals) = postSolution
		SolutionGuid = {51C9984C-0305-4D86-898F-ABE35C0CD6E5}
	EndGlobalSection
EndGlobal
